// !$*UTF8*$!
{
	archiveVersion = 1;
	classes = {
	};
	objectVersion = 56;
	objects = {

/* Begin PBXBuildFile section */
		B511BA6C2C24E1F400A327F7 /* AppDelegate.swift in Sources */ = {isa = PBXBuildFile; fileRef = B511BA6B2C24E1F400A327F7 /* AppDelegate.swift */; };
		B511BA6E2C24E1F400A327F7 /* SceneDelegate.swift in Sources */ = {isa = PBXBuildFile; fileRef = B511BA6D2C24E1F400A327F7 /* SceneDelegate.swift */; };
		B511BA702C24E1F400A327F7 /* ItemsViewController.swift in Sources */ = {isa = PBXBuildFile; fileRef = B511BA6F2C24E1F400A327F7 /* ItemsViewController.swift */; };
		B511BA732C24E1F400A327F7 /* Base in Resources */ = {isa = PBXBuildFile; fileRef = B511BA722C24E1F400A327F7 /* Base */; };
		B511BA752C24E1F500A327F7 /* Assets.xcassets in Resources */ = {isa = PBXBuildFile; fileRef = B511BA742C24E1F500A327F7 /* Assets.xcassets */; };
		B511BA782C24E1F500A327F7 /* Base in Resources */ = {isa = PBXBuildFile; fileRef = B511BA772C24E1F500A327F7 /* Base */; };
		B511BA862C25038000A327F7 /* DataModel.xcdatamodeld in Sources */ = {isa = PBXBuildFile; fileRef = B511BA842C25038000A327F7 /* DataModel.xcdatamodeld */; };
		B511BAAD2C25183300A327F7 /* GroupsViewController.swift in Sources */ = {isa = PBXBuildFile; fileRef = B511BAAC2C25183300A327F7 /* GroupsViewController.swift */; };
		B5E39F182C26BCA8006C1806 /* ItemViewController.swift in Sources */ = {isa = PBXBuildFile; fileRef = B5E39F172C26BCA8006C1806 /* ItemViewController.swift */; };
/* End PBXBuildFile section */

/* Begin PBXFileReference section */
		B511BA682C24E1F400A327F7 /* untangle.app */ = {isa = PBXFileReference; explicitFileType = wrapper.application; includeInIndex = 0; path = untangle.app; sourceTree = BUILT_PRODUCTS_DIR; };
		B511BA6B2C24E1F400A327F7 /* AppDelegate.swift */ = {isa = PBXFileReference; lastKnownFileType = sourcecode.swift; path = AppDelegate.swift; sourceTree = "<group>"; };
		B511BA6D2C24E1F400A327F7 /* SceneDelegate.swift */ = {isa = PBXFileReference; lastKnownFileType = sourcecode.swift; path = SceneDelegate.swift; sourceTree = "<group>"; };
		B511BA6F2C24E1F400A327F7 /* ItemsViewController.swift */ = {isa = PBXFileReference; lastKnownFileType = sourcecode.swift; path = ItemsViewController.swift; sourceTree = "<group>"; };
		B511BA722C24E1F400A327F7 /* Base */ = {isa = PBXFileReference; lastKnownFileType = file.storyboard; name = Base; path = Base.lproj/Main.storyboard; sourceTree = "<group>"; };
		B511BA742C24E1F500A327F7 /* Assets.xcassets */ = {isa = PBXFileReference; lastKnownFileType = folder.assetcatalog; path = Assets.xcassets; sourceTree = "<group>"; };
		B511BA772C24E1F500A327F7 /* Base */ = {isa = PBXFileReference; lastKnownFileType = file.storyboard; name = Base; path = Base.lproj/LaunchScreen.storyboard; sourceTree = "<group>"; };
		B511BA792C24E1F500A327F7 /* Info.plist */ = {isa = PBXFileReference; lastKnownFileType = text.plist.xml; path = Info.plist; sourceTree = "<group>"; };
		B511BA852C25038000A327F7 /* DataModel.xcdatamodel */ = {isa = PBXFileReference; lastKnownFileType = wrapper.xcdatamodel; path = DataModel.xcdatamodel; sourceTree = "<group>"; };
		B511BAAC2C25183300A327F7 /* GroupsViewController.swift */ = {isa = PBXFileReference; lastKnownFileType = sourcecode.swift; path = GroupsViewController.swift; sourceTree = "<group>"; };
		B5E39F172C26BCA8006C1806 /* ItemViewController.swift */ = {isa = PBXFileReference; lastKnownFileType = sourcecode.swift; name = ItemViewController.swift; path = untangle/Controllers/ItemViewController.swift; sourceTree = SOURCE_ROOT; };
/* End PBXFileReference section */

/* Begin PBXFrameworksBuildPhase section */
		B511BA652C24E1F400A327F7 /* Frameworks */ = {
			isa = PBXFrameworksBuildPhase;
			buildActionMask = 2147483647;
			files = (
			);
			runOnlyForDeploymentPostprocessing = 0;
		};
/* End PBXFrameworksBuildPhase section */

/* Begin PBXGroup section */
		B511BA5F2C24E1F400A327F7 = {
			isa = PBXGroup;
			children = (
				B511BA6A2C24E1F400A327F7 /* untangle */,
				B511BA692C24E1F400A327F7 /* Products */,
			);
			sourceTree = "<group>";
		};
		B511BA692C24E1F400A327F7 /* Products */ = {
			isa = PBXGroup;
			children = (
				B511BA682C24E1F400A327F7 /* untangle.app */,
			);
			name = Products;
			sourceTree = "<group>";
		};
		B511BA6A2C24E1F400A327F7 /* untangle */ = {
			isa = PBXGroup;
			children = (
				B511BA6B2C24E1F400A327F7 /* AppDelegate.swift */,
				B511BA6D2C24E1F400A327F7 /* SceneDelegate.swift */,
				B511BA822C24F42A00A327F7 /* Controllers */,
				B511BA812C24F40D00A327F7 /* Data Models */,
				B511BA832C24F43B00A327F7 /* Views */,
				B511BA742C24E1F500A327F7 /* Assets.xcassets */,
				B511BA762C24E1F500A327F7 /* LaunchScreen.storyboard */,
				B511BA792C24E1F500A327F7 /* Info.plist */,
			);
			path = untangle;
			sourceTree = "<group>";
		};
		B511BA812C24F40D00A327F7 /* Data Models */ = {
			isa = PBXGroup;
			children = (
				B511BA842C25038000A327F7 /* DataModel.xcdatamodeld */,
			);
			path = "Data Models";
			sourceTree = "<group>";
		};
		B511BA822C24F42A00A327F7 /* Controllers */ = {
			isa = PBXGroup;
			children = (
				B5E39F172C26BCA8006C1806 /* ItemViewController.swift */,
				B511BA6F2C24E1F400A327F7 /* ItemsViewController.swift */,
				B511BAAC2C25183300A327F7 /* GroupsViewController.swift */,
			);
			path = Controllers;
			sourceTree = "<group>";
		};
		B511BA832C24F43B00A327F7 /* Views */ = {
			isa = PBXGroup;
			children = (
				B511BA712C24E1F400A327F7 /* Main.storyboard */,
			);
			path = Views;
			sourceTree = "<group>";
		};
/* End PBXGroup section */

/* Begin PBXNativeTarget section */
		B511BA672C24E1F400A327F7 /* untangle */ = {
			isa = PBXNativeTarget;
			buildConfigurationList = B511BA7C2C24E1F500A327F7 /* Build configuration list for PBXNativeTarget "untangle" */;
			buildPhases = (
				B511BA642C24E1F400A327F7 /* Sources */,
				B511BA652C24E1F400A327F7 /* Frameworks */,
				B511BA662C24E1F400A327F7 /* Resources */,
			);
			buildRules = (
			);
			dependencies = (
			);
			name = untangle;
			productName = untangle;
			productReference = B511BA682C24E1F400A327F7 /* untangle.app */;
			productType = "com.apple.product-type.application";
		};
/* End PBXNativeTarget section */

/* Begin PBXProject section */
		B511BA602C24E1F400A327F7 /* Project object */ = {
			isa = PBXProject;
			attributes = {
				BuildIndependentTargetsInParallel = 1;
				LastSwiftUpdateCheck = 1540;
				LastUpgradeCheck = 1540;
				TargetAttributes = {
					B511BA672C24E1F400A327F7 = {
						CreatedOnToolsVersion = 15.4;
					};
				};
			};
			buildConfigurationList = B511BA632C24E1F400A327F7 /* Build configuration list for PBXProject "untangle" */;
			compatibilityVersion = "Xcode 14.0";
			developmentRegion = en;
			hasScannedForEncodings = 0;
			knownRegions = (
				en,
				Base,
			);
			mainGroup = B511BA5F2C24E1F400A327F7;
			productRefGroup = B511BA692C24E1F400A327F7 /* Products */;
			projectDirPath = "";
			projectRoot = "";
			targets = (
				B511BA672C24E1F400A327F7 /* untangle */,
			);
		};
/* End PBXProject section */

/* Begin PBXResourcesBuildPhase section */
		B511BA662C24E1F400A327F7 /* Resources */ = {
			isa = PBXResourcesBuildPhase;
			buildActionMask = 2147483647;
			files = (
				B511BA752C24E1F500A327F7 /* Assets.xcassets in Resources */,
				B511BA782C24E1F500A327F7 /* Base in Resources */,
				B511BA732C24E1F400A327F7 /* Base in Resources */,
			);
			runOnlyForDeploymentPostprocessing = 0;
		};
/* End PBXResourcesBuildPhase section */

/* Begin PBXSourcesBuildPhase section */
		B511BA642C24E1F400A327F7 /* Sources */ = {
			isa = PBXSourcesBuildPhase;
			buildActionMask = 2147483647;
			files = (
				B511BAAD2C25183300A327F7 /* GroupsViewController.swift in Sources */,
				B511BA862C25038000A327F7 /* DataModel.xcdatamodeld in Sources */,
				B511BA702C24E1F400A327F7 /* ItemsViewController.swift in Sources */,
				B511BA6C2C24E1F400A327F7 /* AppDelegate.swift in Sources */,
				B511BA6E2C24E1F400A327F7 /* SceneDelegate.swift in Sources */,
				B5E39F182C26BCA8006C1806 /* ItemViewController.swift in Sources */,
			);
			runOnlyForDeploymentPostprocessing = 0;
		};
/* End PBXSourcesBuildPhase section */

/* Begin PBXVariantGroup section */
		B511BA712C24E1F400A327F7 /* Main.storyboard */ = {
			isa = PBXVariantGroup;
			children = (
				B511BA722C24E1F400A327F7 /* Base */,
			);
			name = Main.storyboard;
			sourceTree = "<group>";
		};
		B511BA762C24E1F500A327F7 /* LaunchScreen.storyboard */ = {
			isa = PBXVariantGroup;
			children = (
				B511BA772C24E1F500A327F7 /* Base */,
			);
			name = LaunchScreen.storyboard;
			sourceTree = "<group>";
		};
/* End PBXVariantGroup section */

/* Begin XCBuildConfiguration section */
		B511BA7A2C24E1F500A327F7 /* Debug */ = {
			isa = XCBuildConfiguration;
			buildSettings = {
				ALWAYS_SEARCH_USER_PATHS = NO;
				ASSETCATALOG_COMPILER_GENERATE_SWIFT_ASSET_SYMBOL_EXTENSIONS = YES;
				CLANG_ANALYZER_NONNULL = YES;
				CLANG_ANALYZER_NUMBER_OBJECT_CONVERSION = YES_AGGRESSIVE;
				CLANG_CXX_LANGUAGE_STANDARD = "gnu++20";
				CLANG_ENABLE_MODULES = YES;
				CLANG_ENABLE_OBJC_ARC = YES;
				CLANG_ENABLE_OBJC_WEAK = YES;
				CLANG_WARN_BLOCK_CAPTURE_AUTORELEASING = YES;
				CLANG_WARN_BOOL_CONVERSION = YES;
				CLANG_WARN_COMMA = YES;
				CLANG_WARN_CONSTANT_CONVERSION = YES;
				CLANG_WARN_DEPRECATED_OBJC_IMPLEMENTATIONS = YES;
				CLANG_WARN_DIRECT_OBJC_ISA_USAGE = YES_ERROR;
				CLANG_WARN_DOCUMENTATION_COMMENTS = YES;
				CLANG_WARN_EMPTY_BODY = YES;
				CLANG_WARN_ENUM_CONVERSION = YES;
				CLANG_WARN_INFINITE_RECURSION = YES;
				CLANG_WARN_INT_CONVERSION = YES;
				CLANG_WARN_NON_LITERAL_NULL_CONVERSION = YES;
				CLANG_WARN_OBJC_IMPLICIT_RETAIN_SELF = YES;
				CLANG_WARN_OBJC_LITERAL_CONVERSION = YES;
				CLANG_WARN_OBJC_ROOT_CLASS = YES_ERROR;
				CLANG_WARN_QUOTED_INCLUDE_IN_FRAMEWORK_HEADER = YES;
				CLANG_WARN_RANGE_LOOP_ANALYSIS = YES;
				CLANG_WARN_STRICT_PROTOTYPES = YES;
				CLANG_WARN_SUSPICIOUS_MOVE = YES;
				CLANG_WARN_UNGUARDED_AVAILABILITY = YES_AGGRESSIVE;
				CLANG_WARN_UNREACHABLE_CODE = YES;
				CLANG_WARN__DUPLICATE_METHOD_MATCH = YES;
				COPY_PHASE_STRIP = NO;
				DEBUG_INFORMATION_FORMAT = dwarf;
				ENABLE_STRICT_OBJC_MSGSEND = YES;
				ENABLE_TESTABILITY = YES;
				ENABLE_USER_SCRIPT_SANDBOXING = YES;
				GCC_C_LANGUAGE_STANDARD = gnu17;
				GCC_DYNAMIC_NO_PIC = NO;
				GCC_NO_COMMON_BLOCKS = YES;
				GCC_OPTIMIZATION_LEVEL = 0;
				GCC_PREPROCESSOR_DEFINITIONS = (
					"DEBUG=1",
					"$(inherited)",
				);
				GCC_WARN_64_TO_32_BIT_CONVERSION = YES;
				GCC_WARN_ABOUT_RETURN_TYPE = YES_ERROR;
				GCC_WARN_UNDECLARED_SELECTOR = YES;
				GCC_WARN_UNINITIALIZED_AUTOS = YES_AGGRESSIVE;
				GCC_WARN_UNUSED_FUNCTION = YES;
				GCC_WARN_UNUSED_VARIABLE = YES;
				IPHONEOS_DEPLOYMENT_TARGET = 17.5;
				LOCALIZATION_PREFERS_STRING_CATALOGS = YES;
				MTL_ENABLE_DEBUG_INFO = INCLUDE_SOURCE;
				MTL_FAST_MATH = YES;
				ONLY_ACTIVE_ARCH = YES;
				SDKROOT = iphoneos;
				SWIFT_ACTIVE_COMPILATION_CONDITIONS = "DEBUG $(inherited)";
				SWIFT_OPTIMIZATION_LEVEL = "-Onone";
			};
			name = Debug;
		};
		B511BA7B2C24E1F500A327F7 /* Release */ = {
			isa = XCBuildConfiguration;
			buildSettings = {
				ALWAYS_SEARCH_USER_PATHS = NO;
				ASSETCATALOG_COMPILER_GENERATE_SWIFT_ASSET_SYMBOL_EXTENSIONS = YES;
				CLANG_ANALYZER_NONNULL = YES;
				CLANG_ANALYZER_NUMBER_OBJECT_CONVERSION = YES_AGGRESSIVE;
				CLANG_CXX_LANGUAGE_STANDARD = "gnu++20";
				CLANG_ENABLE_MODULES = YES;
				CLANG_ENABLE_OBJC_ARC = YES;
				CLANG_ENABLE_OBJC_WEAK = YES;
				CLANG_WARN_BLOCK_CAPTURE_AUTORELEASING = YES;
				CLANG_WARN_BOOL_CONVERSION = YES;
				CLANG_WARN_COMMA = YES;
				CLANG_WARN_CONSTANT_CONVERSION = YES;
				CLANG_WARN_DEPRECATED_OBJC_IMPLEMENTATIONS = YES;
				CLANG_WARN_DIRECT_OBJC_ISA_USAGE = YES_ERROR;
				CLANG_WARN_DOCUMENTATION_COMMENTS = YES;
				CLANG_WARN_EMPTY_BODY = YES;
				CLANG_WARN_ENUM_CONVERSION = YES;
				CLANG_WARN_INFINITE_RECURSION = YES;
				CLANG_WARN_INT_CONVERSION = YES;
				CLANG_WARN_NON_LITERAL_NULL_CONVERSION = YES;
				CLANG_WARN_OBJC_IMPLICIT_RETAIN_SELF = YES;
				CLANG_WARN_OBJC_LITERAL_CONVERSION = YES;
				CLANG_WARN_OBJC_ROOT_CLASS = YES_ERROR;
				CLANG_WARN_QUOTED_INCLUDE_IN_FRAMEWORK_HEADER = YES;
				CLANG_WARN_RANGE_LOOP_ANALYSIS = YES;
				CLANG_WARN_STRICT_PROTOTYPES = YES;
				CLANG_WARN_SUSPICIOUS_MOVE = YES;
				CLANG_WARN_UNGUARDED_AVAILABILITY = YES_AGGRESSIVE;
				CLANG_WARN_UNREACHABLE_CODE = YES;
				CLANG_WARN__DUPLICATE_METHOD_MATCH = YES;
				COPY_PHASE_STRIP = NO;
				DEBUG_INFORMATION_FORMAT = "dwarf-with-dsym";
				ENABLE_NS_ASSERTIONS = NO;
				ENABLE_STRICT_OBJC_MSGSEND = YES;
				ENABLE_USER_SCRIPT_SANDBOXING = YES;
				GCC_C_LANGUAGE_STANDARD = gnu17;
				GCC_NO_COMMON_BLOCKS = YES;
				GCC_WARN_64_TO_32_BIT_CONVERSION = YES;
				GCC_WARN_ABOUT_RETURN_TYPE = YES_ERROR;
				GCC_WARN_UNDECLARED_SELECTOR = YES;
				GCC_WARN_UNINITIALIZED_AUTOS = YES_AGGRESSIVE;
				GCC_WARN_UNUSED_FUNCTION = YES;
				GCC_WARN_UNUSED_VARIABLE = YES;
				IPHONEOS_DEPLOYMENT_TARGET = 17.5;
				LOCALIZATION_PREFERS_STRING_CATALOGS = YES;
				MTL_ENABLE_DEBUG_INFO = NO;
				MTL_FAST_MATH = YES;
				SDKROOT = iphoneos;
				SWIFT_COMPILATION_MODE = wholemodule;
				VALIDATE_PRODUCT = YES;
			};
			name = Release;
		};
		B511BA7D2C24E1F500A327F7 /* Debug */ = {
			isa = XCBuildConfiguration;
			buildSettings = {
				ASSETCATALOG_COMPILER_APPICON_NAME = AppIcon;
				ASSETCATALOG_COMPILER_GLOBAL_ACCENT_COLOR_NAME = AccentColor;
				CODE_SIGN_STYLE = Automatic;
				CURRENT_PROJECT_VERSION = 1;
				DEVELOPMENT_TEAM = G9MXZFE3GR;
				GENERATE_INFOPLIST_FILE = YES;
				INFOPLIST_FILE = untangle/Info.plist;
				INFOPLIST_KEY_UIApplicationSupportsIndirectInputEvents = YES;
				INFOPLIST_KEY_UILaunchStoryboardName = LaunchScreen;
				INFOPLIST_KEY_UIMainStoryboardFile = Main;
				INFOPLIST_KEY_UIStatusBarHidden = YES;
				INFOPLIST_KEY_UIStatusBarStyle = UIStatusBarStyleDarkContent;
				INFOPLIST_KEY_UISupportedInterfaceOrientations = UIInterfaceOrientationPortrait;
				INFOPLIST_KEY_UISupportedInterfaceOrientations_iPad = "UIInterfaceOrientationLandscapeLeft UIInterfaceOrientationLandscapeRight UIInterfaceOrientationPortrait UIInterfaceOrientationPortraitUpsideDown";
				LD_RUNPATH_SEARCH_PATHS = (
					"$(inherited)",
					"@executable_path/Frameworks",
				);
				MARKETING_VERSION = 1.0;
				PRODUCT_BUNDLE_IDENTIFIER = "de.dodo-dev.untangle";
				PRODUCT_NAME = "$(TARGET_NAME)";
				SUPPORTED_PLATFORMS = "iphoneos iphonesimulator";
				SUPPORTS_MACCATALYST = NO;
				SUPPORTS_MAC_DESIGNED_FOR_IPHONE_IPAD = NO;
				SUPPORTS_XR_DESIGNED_FOR_IPHONE_IPAD = NO;
				SWIFT_EMIT_LOC_STRINGS = YES;
				SWIFT_VERSION = 5.0;
				TARGETED_DEVICE_FAMILY = 1;
			};
			name = Debug;
		};
		B511BA7E2C24E1F500A327F7 /* Release */ = {
			isa = XCBuildConfiguration;
			buildSettings = {
				ASSETCATALOG_COMPILER_APPICON_NAME = AppIcon;
				ASSETCATALOG_COMPILER_GLOBAL_ACCENT_COLOR_NAME = AccentColor;
				CODE_SIGN_STYLE = Automatic;
				CURRENT_PROJECT_VERSION = 1;
				DEVELOPMENT_TEAM = G9MXZFE3GR;
				GENERATE_INFOPLIST_FILE = YES;
				INFOPLIST_FILE = untangle/Info.plist;
				INFOPLIST_KEY_UIApplicationSupportsIndirectInputEvents = YES;
				INFOPLIST_KEY_UILaunchStoryboardName = LaunchScreen;
				INFOPLIST_KEY_UIMainStoryboardFile = Main;
				INFOPLIST_KEY_UIStatusBarHidden = YES;
				INFOPLIST_KEY_UIStatusBarStyle = UIStatusBarStyleDarkContent;
				INFOPLIST_KEY_UISupportedInterfaceOrientations = UIInterfaceOrientationPortrait;
				INFOPLIST_KEY_UISupportedInterfaceOrientations_iPad = "UIInterfaceOrientationLandscapeLeft UIInterfaceOrientationLandscapeRight UIInterfaceOrientationPortrait UIInterfaceOrientationPortraitUpsideDown";
				LD_RUNPATH_SEARCH_PATHS = (
					"$(inherited)",
					"@executable_path/Frameworks",
				);
				MARKETING_VERSION = 1.0;
				PRODUCT_BUNDLE_IDENTIFIER = "de.dodo-dev.untangle";
				PRODUCT_NAME = "$(TARGET_NAME)";
				SUPPORTED_PLATFORMS = "iphoneos iphonesimulator";
				SUPPORTS_MACCATALYST = NO;
				SUPPORTS_MAC_DESIGNED_FOR_IPHONE_IPAD = NO;
				SUPPORTS_XR_DESIGNED_FOR_IPHONE_IPAD = NO;
				SWIFT_EMIT_LOC_STRINGS = YES;
				SWIFT_VERSION = 5.0;
				TARGETED_DEVICE_FAMILY = 1;
			};
			name = Release;
		};
/* End XCBuildConfiguration section */

/* Begin XCConfigurationList section */
		B511BA632C24E1F400A327F7 /* Build configuration list for PBXProject "untangle" */ = {
			isa = XCConfigurationList;
			buildConfigurations = (
				B511BA7A2C24E1F500A327F7 /* Debug */,
				B511BA7B2C24E1F500A327F7 /* Release */,
			);
			defaultConfigurationIsVisible = 0;
			defaultConfigurationName = Release;
		};
		B511BA7C2C24E1F500A327F7 /* Build configuration list for PBXNativeTarget "untangle" */ = {
			isa = XCConfigurationList;
			buildConfigurations = (
				B511BA7D2C24E1F500A327F7 /* Debug */,
				B511BA7E2C24E1F500A327F7 /* Release */,
			);
			defaultConfigurationIsVisible = 0;
			defaultConfigurationName = Release;
		};
/* End XCConfigurationList section */

/* Begin XCVersionGroup section */
		B511BA842C25038000A327F7 /* DataModel.xcdatamodeld */ = {
			isa = XCVersionGroup;
			children = (
				B511BA852C25038000A327F7 /* DataModel.xcdatamodel */,
			);
			currentVersion = B511BA852C25038000A327F7 /* DataModel.xcdatamodel */;
			path = DataModel.xcdatamodeld;
			sourceTree = "<group>";
			versionGroupType = wrapper.xcdatamodel;
		};
/* End XCVersionGroup section */
	};
	rootObject = B511BA602C24E1F400A327F7 /* Project object */;
}
